// !$*UTF8*$!
{
	archiveVersion = 1;
	classes = {
	};
	objectVersion = 51;
	objects = {

/* Begin PBXBuildFile section */
		E16447E7255ADD9900D40AFC /* AppDelegate.swift in Sources */ = {isa = PBXBuildFile; fileRef = E16447E6255ADD9900D40AFC /* AppDelegate.swift */; };
		E16447E9255ADD9900D40AFC /* SceneDelegate.swift in Sources */ = {isa = PBXBuildFile; fileRef = E16447E8255ADD9900D40AFC /* SceneDelegate.swift */; };
		E16447EB255ADD9900D40AFC /* HomeViewController.swift in Sources */ = {isa = PBXBuildFile; fileRef = E16447EA255ADD9900D40AFC /* HomeViewController.swift */; };
		E16447EE255ADD9900D40AFC /* Main.storyboard in Resources */ = {isa = PBXBuildFile; fileRef = E16447EC255ADD9900D40AFC /* Main.storyboard */; };
		E16447F0255ADD9A00D40AFC /* Assets.xcassets in Resources */ = {isa = PBXBuildFile; fileRef = E16447EF255ADD9A00D40AFC /* Assets.xcassets */; };
		E16447F3255ADD9A00D40AFC /* LaunchScreen.storyboard in Resources */ = {isa = PBXBuildFile; fileRef = E16447F1255ADD9A00D40AFC /* LaunchScreen.storyboard */; };
		E16447FC255AE03F00D40AFC /* GalleryCollectionViewController.swift in Sources */ = {isa = PBXBuildFile; fileRef = E16447FB255AE03F00D40AFC /* GalleryCollectionViewController.swift */; };
		E1644800255AE0D300D40AFC /* PhotoCollectionViewCell.swift in Sources */ = {isa = PBXBuildFile; fileRef = E16447FF255AE0D300D40AFC /* PhotoCollectionViewCell.swift */; };
		E6378E2271B8F6D06AF25A9E /* Pods_rxPhotoSelection.framework in Frameworks */ = {isa = PBXBuildFile; fileRef = 06BAF3CD2AFBC1B811C90786 /* Pods_rxPhotoSelection.framework */; };
/* End PBXBuildFile section */

/* Begin PBXFileReference section */
		06BAF3CD2AFBC1B811C90786 /* Pods_rxPhotoSelection.framework */ = {isa = PBXFileReference; explicitFileType = wrapper.framework; includeInIndex = 0; path = Pods_rxPhotoSelection.framework; sourceTree = BUILT_PRODUCTS_DIR; };
		2883DE57E8EC07F7CE5E2C47 /* Pods-rxPhotoSelection.debug.xcconfig */ = {isa = PBXFileReference; includeInIndex = 1; lastKnownFileType = text.xcconfig; name = "Pods-rxPhotoSelection.debug.xcconfig"; path = "Target Support Files/Pods-rxPhotoSelection/Pods-rxPhotoSelection.debug.xcconfig"; sourceTree = "<group>"; };
		9A1CAF13FE73C6D4A6EDD5A0 /* Pods-rxPhotoSelection.release.xcconfig */ = {isa = PBXFileReference; includeInIndex = 1; lastKnownFileType = text.xcconfig; name = "Pods-rxPhotoSelection.release.xcconfig"; path = "Target Support Files/Pods-rxPhotoSelection/Pods-rxPhotoSelection.release.xcconfig"; sourceTree = "<group>"; };
		E16447E3255ADD9900D40AFC /* rxPhotoSelection.app */ = {isa = PBXFileReference; explicitFileType = wrapper.application; includeInIndex = 0; path = rxPhotoSelection.app; sourceTree = BUILT_PRODUCTS_DIR; };
		E16447E6255ADD9900D40AFC /* AppDelegate.swift */ = {isa = PBXFileReference; lastKnownFileType = sourcecode.swift; path = AppDelegate.swift; sourceTree = "<group>"; };
		E16447E8255ADD9900D40AFC /* SceneDelegate.swift */ = {isa = PBXFileReference; lastKnownFileType = sourcecode.swift; path = SceneDelegate.swift; sourceTree = "<group>"; };
		E16447EA255ADD9900D40AFC /* HomeViewController.swift */ = {isa = PBXFileReference; lastKnownFileType = sourcecode.swift; path = HomeViewController.swift; sourceTree = "<group>"; };
		E16447ED255ADD9900D40AFC /* Base */ = {isa = PBXFileReference; lastKnownFileType = file.storyboard; name = Base; path = Base.lproj/Main.storyboard; sourceTree = "<group>"; };
		E16447EF255ADD9A00D40AFC /* Assets.xcassets */ = {isa = PBXFileReference; lastKnownFileType = folder.assetcatalog; path = Assets.xcassets; sourceTree = "<group>"; };
		E16447F2255ADD9A00D40AFC /* Base */ = {isa = PBXFileReference; lastKnownFileType = file.storyboard; name = Base; path = Base.lproj/LaunchScreen.storyboard; sourceTree = "<group>"; };
		E16447F4255ADD9A00D40AFC /* Info.plist */ = {isa = PBXFileReference; lastKnownFileType = text.plist.xml; path = Info.plist; sourceTree = "<group>"; };
		E16447FB255AE03F00D40AFC /* GalleryCollectionViewController.swift */ = {isa = PBXFileReference; lastKnownFileType = sourcecode.swift; path = GalleryCollectionViewController.swift; sourceTree = "<group>"; };
		E16447FF255AE0D300D40AFC /* PhotoCollectionViewCell.swift */ = {isa = PBXFileReference; lastKnownFileType = sourcecode.swift; path = PhotoCollectionViewCell.swift; sourceTree = "<group>"; };
/* End PBXFileReference section */

/* Begin PBXFrameworksBuildPhase section */
		E16447E0255ADD9900D40AFC /* Frameworks */ = {
			isa = PBXFrameworksBuildPhase;
			buildActionMask = 2147483647;
			files = (
				E6378E2271B8F6D06AF25A9E /* Pods_rxPhotoSelection.framework in Frameworks */,
			);
			runOnlyForDeploymentPostprocessing = 0;
		};
/* End PBXFrameworksBuildPhase section */

/* Begin PBXGroup section */
		6303C11BDBBFF63DC7444A62 /* Pods */ = {
			isa = PBXGroup;
			children = (
				2883DE57E8EC07F7CE5E2C47 /* Pods-rxPhotoSelection.debug.xcconfig */,
				9A1CAF13FE73C6D4A6EDD5A0 /* Pods-rxPhotoSelection.release.xcconfig */,
			);
			path = Pods;
			sourceTree = "<group>";
		};
		D94F47895ED4A0AFA5C77033 /* Frameworks */ = {
			isa = PBXGroup;
			children = (
				06BAF3CD2AFBC1B811C90786 /* Pods_rxPhotoSelection.framework */,
			);
			name = Frameworks;
			sourceTree = "<group>";
		};
		E16447DA255ADD9900D40AFC = {
			isa = PBXGroup;
			children = (
				E16447E5255ADD9900D40AFC /* rxPhotoSelection */,
				E16447E4255ADD9900D40AFC /* Products */,
				6303C11BDBBFF63DC7444A62 /* Pods */,
				D94F47895ED4A0AFA5C77033 /* Frameworks */,
			);
			sourceTree = "<group>";
		};
		E16447E4255ADD9900D40AFC /* Products */ = {
			isa = PBXGroup;
			children = (
				E16447E3255ADD9900D40AFC /* rxPhotoSelection.app */,
			);
			name = Products;
			sourceTree = "<group>";
		};
		E16447E5255ADD9900D40AFC /* rxPhotoSelection */ = {
			isa = PBXGroup;
			children = (
				E16447E6255ADD9900D40AFC /* AppDelegate.swift */,
				E16447E8255ADD9900D40AFC /* SceneDelegate.swift */,
				E16447EA255ADD9900D40AFC /* HomeViewController.swift */,
				E16447EC255ADD9900D40AFC /* Main.storyboard */,
				E16447EF255ADD9A00D40AFC /* Assets.xcassets */,
				E16447F1255ADD9A00D40AFC /* LaunchScreen.storyboard */,
				E16447F4255ADD9A00D40AFC /* Info.plist */,
				E16447FB255AE03F00D40AFC /* GalleryCollectionViewController.swift */,
				E16447FF255AE0D300D40AFC /* PhotoCollectionViewCell.swift */,
			);
			path = rxPhotoSelection;
			sourceTree = "<group>";
		};
/* End PBXGroup section */

/* Begin PBXNativeTarget section */
		E16447E2255ADD9900D40AFC /* rxPhotoSelection */ = {
			isa = PBXNativeTarget;
			buildConfigurationList = E16447F7255ADD9A00D40AFC /* Build configuration list for PBXNativeTarget "rxPhotoSelection" */;
			buildPhases = (
				894B4B18D2621A8C1F1BEA7F /* [CP] Check Pods Manifest.lock */,
				E16447DF255ADD9900D40AFC /* Sources */,
				E16447E0255ADD9900D40AFC /* Frameworks */,
				E16447E1255ADD9900D40AFC /* Resources */,
				C5516BB2FF512964F984A0D4 /* [CP] Embed Pods Frameworks */,
			);
			buildRules = (
			);
			dependencies = (
			);
			name = rxPhotoSelection;
			productName = rxPhotoFiltere;
			productReference = E16447E3255ADD9900D40AFC /* rxPhotoSelection.app */;
			productType = "com.apple.product-type.application";
		};
/* End PBXNativeTarget section */

/* Begin PBXProject section */
		E16447DB255ADD9900D40AFC /* Project object */ = {
			isa = PBXProject;
			attributes = {
				LastSwiftUpdateCheck = 1200;
				LastUpgradeCheck = 1200;
				TargetAttributes = {
					E16447E2255ADD9900D40AFC = {
						CreatedOnToolsVersion = 12.0.1;
					};
				};
			};
			buildConfigurationList = E16447DE255ADD9900D40AFC /* Build configuration list for PBXProject "rxPhotoSelection" */;
			compatibilityVersion = "Xcode 9.3";
			developmentRegion = en;
			hasScannedForEncodings = 0;
			knownRegions = (
				en,
				Base,
			);
			mainGroup = E16447DA255ADD9900D40AFC;
			productRefGroup = E16447E4255ADD9900D40AFC /* Products */;
			projectDirPath = "";
			projectRoot = "";
			targets = (
				E16447E2255ADD9900D40AFC /* rxPhotoSelection */,
			);
		};
/* End PBXProject section */

/* Begin PBXResourcesBuildPhase section */
		E16447E1255ADD9900D40AFC /* Resources */ = {
			isa = PBXResourcesBuildPhase;
			buildActionMask = 2147483647;
			files = (
				E16447F3255ADD9A00D40AFC /* LaunchScreen.storyboard in Resources */,
				E16447F0255ADD9A00D40AFC /* Assets.xcassets in Resources */,
				E16447EE255ADD9900D40AFC /* Main.storyboard in Resources */,
			);
			runOnlyForDeploymentPostprocessing = 0;
		};
/* End PBXResourcesBuildPhase section */

/* Begin PBXShellScriptBuildPhase section */
		894B4B18D2621A8C1F1BEA7F /* [CP] Check Pods Manifest.lock */ = {
			isa = PBXShellScriptBuildPhase;
			buildActionMask = 2147483647;
			files = (
			);
			inputFileListPaths = (
			);
			inputPaths = (
				"${PODS_PODFILE_DIR_PATH}/Podfile.lock",
				"${PODS_ROOT}/Manifest.lock",
			);
			name = "[CP] Check Pods Manifest.lock";
			outputFileListPaths = (
			);
			outputPaths = (
				"$(DERIVED_FILE_DIR)/Pods-rxPhotoSelection-checkManifestLockResult.txt",
			);
			runOnlyForDeploymentPostprocessing = 0;
			shellPath = /bin/sh;
			shellScript = "diff \"${PODS_PODFILE_DIR_PATH}/Podfile.lock\" \"${PODS_ROOT}/Manifest.lock\" > /dev/null\nif [ $? != 0 ] ; then\n    # print error to STDERR\n    echo \"error: The sandbox is not in sync with the Podfile.lock. Run 'pod install' or update your CocoaPods installation.\" >&2\n    exit 1\nfi\n# This output is used by Xcode 'outputs' to avoid re-running this script phase.\necho \"SUCCESS\" > \"${SCRIPT_OUTPUT_FILE_0}\"\n";
			showEnvVarsInLog = 0;
		};
		C5516BB2FF512964F984A0D4 /* [CP] Embed Pods Frameworks */ = {
			isa = PBXShellScriptBuildPhase;
			buildActionMask = 2147483647;
			files = (
			);
			inputFileListPaths = (
				"${PODS_ROOT}/Target Support Files/Pods-rxPhotoSelection/Pods-rxPhotoSelection-frameworks-${CONFIGURATION}-input-files.xcfilelist",
			);
			name = "[CP] Embed Pods Frameworks";
			outputFileListPaths = (
				"${PODS_ROOT}/Target Support Files/Pods-rxPhotoSelection/Pods-rxPhotoSelection-frameworks-${CONFIGURATION}-output-files.xcfilelist",
			);
			runOnlyForDeploymentPostprocessing = 0;
			shellPath = /bin/sh;
			shellScript = "\"${PODS_ROOT}/Target Support Files/Pods-rxPhotoSelection/Pods-rxPhotoSelection-frameworks.sh\"\n";
			showEnvVarsInLog = 0;
		};
/* End PBXShellScriptBuildPhase section */

/* Begin PBXSourcesBuildPhase section */
		E16447DF255ADD9900D40AFC /* Sources */ = {
			isa = PBXSourcesBuildPhase;
			buildActionMask = 2147483647;
			files = (
				E16447EB255ADD9900D40AFC /* HomeViewController.swift in Sources */,
				E1644800255AE0D300D40AFC /* PhotoCollectionViewCell.swift in Sources */,
				E16447E7255ADD9900D40AFC /* AppDelegate.swift in Sources */,
				E16447E9255ADD9900D40AFC /* SceneDelegate.swift in Sources */,
				E16447FC255AE03F00D40AFC /* GalleryCollectionViewController.swift in Sources */,
			);
			runOnlyForDeploymentPostprocessing = 0;
		};
/* End PBXSourcesBuildPhase section */

/* Begin PBXVariantGroup section */
		E16447EC255ADD9900D40AFC /* Main.storyboard */ = {
			isa = PBXVariantGroup;
			children = (
				E16447ED255ADD9900D40AFC /* Base */,
			);
			name = Main.storyboard;
			sourceTree = "<group>";
		};
		E16447F1255ADD9A00D40AFC /* LaunchScreen.storyboard */ = {
			isa = PBXVariantGroup;
			children = (
				E16447F2255ADD9A00D40AFC /* Base */,
			);
			name = LaunchScreen.storyboard;
			sourceTree = "<group>";
		};
/* End PBXVariantGroup section */

/* Begin XCBuildConfiguration section */
		E16447F5255ADD9A00D40AFC /* Debug */ = {
			isa = XCBuildConfiguration;
			buildSettings = {
				ALWAYS_SEARCH_USER_PATHS = NO;
				CLANG_ANALYZER_NONNULL = YES;
				CLANG_ANALYZER_NUMBER_OBJECT_CONVERSION = YES_AGGRESSIVE;
				CLANG_CXX_LANGUAGE_STANDARD = "gnu++14";
				CLANG_CXX_LIBRARY = "libc++";
				CLANG_ENABLE_MODULES = YES;
				CLANG_ENABLE_OBJC_ARC = YES;
				CLANG_ENABLE_OBJC_WEAK = YES;
				CLANG_WARN_BLOCK_CAPTURE_AUTORELEASING = YES;
				CLANG_WARN_BOOL_CONVERSION = YES;
				CLANG_WARN_COMMA = YES;
				CLANG_WARN_CONSTANT_CONVERSION = YES;
				CLANG_WARN_DEPRECATED_OBJC_IMPLEMENTATIONS = YES;
				CLANG_WARN_DIRECT_OBJC_ISA_USAGE = YES_ERROR;
				CLANG_WARN_DOCUMENTATION_COMMENTS = YES;
				CLANG_WARN_EMPTY_BODY = YES;
				CLANG_WARN_ENUM_CONVERSION = YES;
				CLANG_WARN_INFINITE_RECURSION = YES;
				CLANG_WARN_INT_CONVERSION = YES;
				CLANG_WARN_NON_LITERAL_NULL_CONVERSION = YES;
				CLANG_WARN_OBJC_IMPLICIT_RETAIN_SELF = YES;
				CLANG_WARN_OBJC_LITERAL_CONVERSION = YES;
				CLANG_WARN_OBJC_ROOT_CLASS = YES_ERROR;
				CLANG_WARN_QUOTED_INCLUDE_IN_FRAMEWORK_HEADER = YES;
				CLANG_WARN_RANGE_LOOP_ANALYSIS = YES;
				CLANG_WARN_STRICT_PROTOTYPES = YES;
				CLANG_WARN_SUSPICIOUS_MOVE = YES;
				CLANG_WARN_UNGUARDED_AVAILABILITY = YES_AGGRESSIVE;
				CLANG_WARN_UNREACHABLE_CODE = YES;
				CLANG_WARN__DUPLICATE_METHOD_MATCH = YES;
				COPY_PHASE_STRIP = NO;
				DEBUG_INFORMATION_FORMAT = dwarf;
				ENABLE_STRICT_OBJC_MSGSEND = YES;
				ENABLE_TESTABILITY = YES;
				GCC_C_LANGUAGE_STANDARD = gnu11;
				GCC_DYNAMIC_NO_PIC = NO;
				GCC_NO_COMMON_BLOCKS = YES;
				GCC_OPTIMIZATION_LEVEL = 0;
				GCC_PREPROCESSOR_DEFINITIONS = (
					"DEBUG=1",
					"$(inherited)",
				);
				GCC_WARN_64_TO_32_BIT_CONVERSION = YES;
				GCC_WARN_ABOUT_RETURN_TYPE = YES_ERROR;
				GCC_WARN_UNDECLARED_SELECTOR = YES;
				GCC_WARN_UNINITIALIZED_AUTOS = YES_AGGRESSIVE;
				GCC_WARN_UNUSED_FUNCTION = YES;
				GCC_WARN_UNUSED_VARIABLE = YES;
				IPHONEOS_DEPLOYMENT_TARGET = 14.0;
				MTL_ENABLE_DEBUG_INFO = INCLUDE_SOURCE;
				MTL_FAST_MATH = YES;
				ONLY_ACTIVE_ARCH = YES;
				SDKROOT = iphoneos;
				SWIFT_ACTIVE_COMPILATION_CONDITIONS = DEBUG;
				SWIFT_OPTIMIZATION_LEVEL = "-Onone";
			};
			name = Debug;
		};
		E16447F6255ADD9A00D40AFC /* Release */ = {
			isa = XCBuildConfiguration;
			buildSettings = {
				ALWAYS_SEARCH_USER_PATHS = NO;
				CLANG_ANALYZER_NONNULL = YES;
				CLANG_ANALYZER_NUMBER_OBJECT_CONVERSION = YES_AGGRESSIVE;
				CLANG_CXX_LANGUAGE_STANDARD = "gnu++14";
				CLANG_CXX_LIBRARY = "libc++";
				CLANG_ENABLE_MODULES = YES;
				CLANG_ENABLE_OBJC_ARC = YES;
				CLANG_ENABLE_OBJC_WEAK = YES;
				CLANG_WARN_BLOCK_CAPTURE_AUTORELEASING = YES;
				CLANG_WARN_BOOL_CONVERSION = YES;
				CLANG_WARN_COMMA = YES;
				CLANG_WARN_CONSTANT_CONVERSION = YES;
				CLANG_WARN_DEPRECATED_OBJC_IMPLEMENTATIONS = YES;
				CLANG_WARN_DIRECT_OBJC_ISA_USAGE = YES_ERROR;
				CLANG_WARN_DOCUMENTATION_COMMENTS = YES;
				CLANG_WARN_EMPTY_BODY = YES;
				CLANG_WARN_ENUM_CONVERSION = YES;
				CLANG_WARN_INFINITE_RECURSION = YES;
				CLANG_WARN_INT_CONVERSION = YES;
				CLANG_WARN_NON_LITERAL_NULL_CONVERSION = YES;
				CLANG_WARN_OBJC_IMPLICIT_RETAIN_SELF = YES;
				CLANG_WARN_OBJC_LITERAL_CONVERSION = YES;
				CLANG_WARN_OBJC_ROOT_CLASS = YES_ERROR;
				CLANG_WARN_QUOTED_INCLUDE_IN_FRAMEWORK_HEADER = YES;
				CLANG_WARN_RANGE_LOOP_ANALYSIS = YES;
				CLANG_WARN_STRICT_PROTOTYPES = YES;
				CLANG_WARN_SUSPICIOUS_MOVE = YES;
				CLANG_WARN_UNGUARDED_AVAILABILITY = YES_AGGRESSIVE;
				CLANG_WARN_UNREACHABLE_CODE = YES;
				CLANG_WARN__DUPLICATE_METHOD_MATCH = YES;
				COPY_PHASE_STRIP = NO;
				DEBUG_INFORMATION_FORMAT = "dwarf-with-dsym";
				ENABLE_NS_ASSERTIONS = NO;
				ENABLE_STRICT_OBJC_MSGSEND = YES;
				GCC_C_LANGUAGE_STANDARD = gnu11;
				GCC_NO_COMMON_BLOCKS = YES;
				GCC_WARN_64_TO_32_BIT_CONVERSION = YES;
				GCC_WARN_ABOUT_RETURN_TYPE = YES_ERROR;
				GCC_WARN_UNDECLARED_SELECTOR = YES;
				GCC_WARN_UNINITIALIZED_AUTOS = YES_AGGRESSIVE;
				GCC_WARN_UNUSED_FUNCTION = YES;
				GCC_WARN_UNUSED_VARIABLE = YES;
				IPHONEOS_DEPLOYMENT_TARGET = 14.0;
				MTL_ENABLE_DEBUG_INFO = NO;
				MTL_FAST_MATH = YES;
				SDKROOT = iphoneos;
				SWIFT_COMPILATION_MODE = wholemodule;
				SWIFT_OPTIMIZATION_LEVEL = "-O";
				VALIDATE_PRODUCT = YES;
			};
			name = Release;
		};
		E16447F8255ADD9A00D40AFC /* Debug */ = {
			isa = XCBuildConfiguration;
			baseConfigurationReference = 2883DE57E8EC07F7CE5E2C47 /* Pods-rxPhotoSelection.debug.xcconfig */;
			buildSettings = {
				ASSETCATALOG_COMPILER_APPICON_NAME = AppIcon;
				ASSETCATALOG_COMPILER_GLOBAL_ACCENT_COLOR_NAME = AccentColor;
				CODE_SIGN_STYLE = Automatic;
				DEVELOPMENT_TEAM = 5MEA78ZYGH;
				INFOPLIST_FILE = rxPhotoSelection/Info.plist;
				LD_RUNPATH_SEARCH_PATHS = (
					"$(inherited)",
					"@executable_path/Frameworks",
				);
				PRODUCT_BUNDLE_IDENTIFIER = com.messadi.rxPhotoSelection;
				PRODUCT_NAME = "$(TARGET_NAME)";
				SWIFT_VERSION = 5.0;
				TARGETED_DEVICE_FAMILY = "1,2";
			};
			name = Debug;
		};
		E16447F9255ADD9A00D40AFC /* Release */ = {
			isa = XCBuildConfiguration;
			baseConfigurationReference = 9A1CAF13FE73C6D4A6EDD5A0 /* Pods-rxPhotoSelection.release.xcconfig */;
			buildSettings = {
				ASSETCATALOG_COMPILER_APPICON_NAME = AppIcon;
				ASSETCATALOG_COMPILER_GLOBAL_ACCENT_COLOR_NAME = AccentColor;
				CODE_SIGN_STYLE = Automatic;
				DEVELOPMENT_TEAM = 5MEA78ZYGH;
				INFOPLIST_FILE = rxPhotoSelection/Info.plist;
				LD_RUNPATH_SEARCH_PATHS = (
					"$(inherited)",
					"@executable_path/Frameworks",
				);
				PRODUCT_BUNDLE_IDENTIFIER = com.messadi.rxPhotoSelection;
				PRODUCT_NAME = "$(TARGET_NAME)";
				SWIFT_VERSION = 5.0;
				TARGETED_DEVICE_FAMILY = "1,2";
			};
			name = Release;
		};
/* End XCBuildConfiguration section */

/* Begin XCConfigurationList section */
		E16447DE255ADD9900D40AFC /* Build configuration list for PBXProject "rxPhotoSelection" */ = {
			isa = XCConfigurationList;
			buildConfigurations = (
				E16447F5255ADD9A00D40AFC /* Debug */,
				E16447F6255ADD9A00D40AFC /* Release */,
			);
			defaultConfigurationIsVisible = 0;
			defaultConfigurationName = Release;
		};
		E16447F7255ADD9A00D40AFC /* Build configuration list for PBXNativeTarget "rxPhotoSelection" */ = {
			isa = XCConfigurationList;
			buildConfigurations = (
				E16447F8255ADD9A00D40AFC /* Debug */,
				E16447F9255ADD9A00D40AFC /* Release */,
			);
			defaultConfigurationIsVisible = 0;
			defaultConfigurationName = Release;
		};
/* End XCConfigurationList section */
	};
	rootObject = E16447DB255ADD9900D40AFC /* Project object */;
}
